
Microsoft Visual Studio Solution File, Format Version 12.00
# Visual Studio Version 17
VisualStudioVersion = 17.9.34616.47
MinimumVisualStudioVersion = 10.0.40219.1
Project("{FAE04EC0-301F-11D3-BF4B-00C04F79EFBC}") = "ListaDeCompras", "ListaDeCompras\ListaDeCompras.csproj", "{AAFABBE4-41B7-4E82-B7C2-7DEF33DF5531}"
EndProject
Global
	GlobalSection(SolutionConfigurationPlatforms) = preSolution
		Debug|Any CPU = Debug|Any CPU
		Release|Any CPU = Release|Any CPU
	EndGlobalSection
	GlobalSection(ProjectConfigurationPlatforms) = postSolution
		{AAFABBE4-41B7-4E82-B7C2-7DEF33DF5531}.Debug|Any CPU.ActiveCfg = Debug|Any CPU
		{AAFABBE4-41B7-4E82-B7C2-7DEF33DF5531}.Debug|Any CPU.Build.0 = Debug|Any CPU
		{AAFABBE4-41B7-4E82-B7C2-7DEF33DF5531}.Release|Any CPU.ActiveCfg = Release|Any CPU
		{AAFABBE4-41B7-4E82-B7C2-7DEF33DF5531}.Release|Any CPU.Build.0 = Release|Any CPU
	EndGlobalSection
	GlobalSection(SolutionProperties) = preSolution
		HideSolutionNode = FALSE
	EndGlobalSection
	GlobalSection(ExtensibilityGlobals) = postSolution
		SolutionGuid = {D9484B57-7F3E-4E8D-9AFA-C9EC069A2798}
	EndGlobalSection
EndGlobal
